// !$*UTF8*$!
{
	archiveVersion = 1;
	classes = {
	};
	objectVersion = 50;
	objects = {

/* Begin PBXBuildFile section */
		1146503526C462AF0079AFD8 /* firstAppSwiftApp.swift in Sources */ = {isa = PBXBuildFile; fileRef = 1146503426C462AF0079AFD8 /* firstAppSwiftApp.swift */; };
		1146503726C462AF0079AFD8 /* ContentView.swift in Sources */ = {isa = PBXBuildFile; fileRef = 1146503626C462AF0079AFD8 /* ContentView.swift */; };
		1146503926C462B50079AFD8 /* Assets.xcassets in Resources */ = {isa = PBXBuildFile; fileRef = 1146503826C462B50079AFD8 /* Assets.xcassets */; };
		1146503C26C462B50079AFD8 /* Preview Assets.xcassets in Resources */ = {isa = PBXBuildFile; fileRef = 1146503B26C462B50079AFD8 /* Preview Assets.xcassets */; };
		1146504726C462B50079AFD8 /* firstAppSwiftTests.swift in Sources */ = {isa = PBXBuildFile; fileRef = 1146504626C462B50079AFD8 /* firstAppSwiftTests.swift */; };
		1146505226C462B50079AFD8 /* firstAppSwiftUITests.swift in Sources */ = {isa = PBXBuildFile; fileRef = 1146505126C462B50079AFD8 /* firstAppSwiftUITests.swift */; };
		1154CD2526EF932D008CD212 /* CalculatorOwn.swift in Sources */ = {isa = PBXBuildFile; fileRef = 1154CD2426EF932D008CD212 /* CalculatorOwn.swift */; };
/* End PBXBuildFile section */

/* Begin PBXContainerItemProxy section */
		1146504326C462B50079AFD8 /* PBXContainerItemProxy */ = {
			isa = PBXContainerItemProxy;
			containerPortal = 1146502926C462AF0079AFD8 /* Project object */;
			proxyType = 1;
			remoteGlobalIDString = 1146503026C462AF0079AFD8;
			remoteInfo = firstAppSwift;
		};
		1146504E26C462B50079AFD8 /* PBXContainerItemProxy */ = {
			isa = PBXContainerItemProxy;
			containerPortal = 1146502926C462AF0079AFD8 /* Project object */;
			proxyType = 1;
			remoteGlobalIDString = 1146503026C462AF0079AFD8;
			remoteInfo = firstAppSwift;
		};
/* End PBXContainerItemProxy section */

/* Begin PBXFileReference section */
		1146503126C462AF0079AFD8 /* firstAppSwift.app */ = {isa = PBXFileReference; explicitFileType = wrapper.application; includeInIndex = 0; path = firstAppSwift.app; sourceTree = BUILT_PRODUCTS_DIR; };
		1146503426C462AF0079AFD8 /* firstAppSwiftApp.swift */ = {isa = PBXFileReference; lastKnownFileType = sourcecode.swift; path = firstAppSwiftApp.swift; sourceTree = "<group>"; };
		1146503626C462AF0079AFD8 /* ContentView.swift */ = {isa = PBXFileReference; lastKnownFileType = sourcecode.swift; path = ContentView.swift; sourceTree = "<group>"; };
		1146503826C462B50079AFD8 /* Assets.xcassets */ = {isa = PBXFileReference; lastKnownFileType = folder.assetcatalog; path = Assets.xcassets; sourceTree = "<group>"; };
		1146503B26C462B50079AFD8 /* Preview Assets.xcassets */ = {isa = PBXFileReference; lastKnownFileType = folder.assetcatalog; path = "Preview Assets.xcassets"; sourceTree = "<group>"; };
		1146503D26C462B50079AFD8 /* Info.plist */ = {isa = PBXFileReference; lastKnownFileType = text.plist.xml; path = Info.plist; sourceTree = "<group>"; };
		1146504226C462B50079AFD8 /* firstAppSwiftTests.xctest */ = {isa = PBXFileReference; explicitFileType = wrapper.cfbundle; includeInIndex = 0; path = firstAppSwiftTests.xctest; sourceTree = BUILT_PRODUCTS_DIR; };
		1146504626C462B50079AFD8 /* firstAppSwiftTests.swift */ = {isa = PBXFileReference; lastKnownFileType = sourcecode.swift; path = firstAppSwiftTests.swift; sourceTree = "<group>"; };
		1146504826C462B50079AFD8 /* Info.plist */ = {isa = PBXFileReference; lastKnownFileType = text.plist.xml; path = Info.plist; sourceTree = "<group>"; };
		1146504D26C462B50079AFD8 /* firstAppSwiftUITests.xctest */ = {isa = PBXFileReference; explicitFileType = wrapper.cfbundle; includeInIndex = 0; path = firstAppSwiftUITests.xctest; sourceTree = BUILT_PRODUCTS_DIR; };
		1146505126C462B50079AFD8 /* firstAppSwiftUITests.swift */ = {isa = PBXFileReference; lastKnownFileType = sourcecode.swift; path = firstAppSwiftUITests.swift; sourceTree = "<group>"; };
		1146505326C462B50079AFD8 /* Info.plist */ = {isa = PBXFileReference; lastKnownFileType = text.plist.xml; path = Info.plist; sourceTree = "<group>"; };
		114FC25B26C463A9004C1D6C /* Jenkinsfile */ = {isa = PBXFileReference; lastKnownFileType = text; path = Jenkinsfile; sourceTree = "<group>"; };
		114FC25C26C463B1004C1D6C /* sonar-project.properties */ = {isa = PBXFileReference; lastKnownFileType = text; path = "sonar-project.properties"; sourceTree = "<group>"; };
		1154CD2426EF932D008CD212 /* CalculatorOwn.swift */ = {isa = PBXFileReference; lastKnownFileType = sourcecode.swift; path = CalculatorOwn.swift; sourceTree = "<group>"; };
/* End PBXFileReference section */

/* Begin PBXFrameworksBuildPhase section */
		1146502E26C462AF0079AFD8 /* Frameworks */ = {
			isa = PBXFrameworksBuildPhase;
			buildActionMask = 2147483647;
			files = (
			);
			runOnlyForDeploymentPostprocessing = 0;
		};
		1146503F26C462B50079AFD8 /* Frameworks */ = {
			isa = PBXFrameworksBuildPhase;
			buildActionMask = 2147483647;
			files = (
			);
			runOnlyForDeploymentPostprocessing = 0;
		};
		1146504A26C462B50079AFD8 /* Frameworks */ = {
			isa = PBXFrameworksBuildPhase;
			buildActionMask = 2147483647;
			files = (
			);
			runOnlyForDeploymentPostprocessing = 0;
		};
/* End PBXFrameworksBuildPhase section */

/* Begin PBXGroup section */
		1146502826C462AF0079AFD8 = {
			isa = PBXGroup;
			children = (
				114FC25C26C463B1004C1D6C /* sonar-project.properties */,
				114FC25B26C463A9004C1D6C /* Jenkinsfile */,
				1146503326C462AF0079AFD8 /* firstAppSwift */,
				1146504526C462B50079AFD8 /* firstAppSwiftTests */,
				1146505026C462B50079AFD8 /* firstAppSwiftUITests */,
				1146503226C462AF0079AFD8 /* Products */,
			);
			sourceTree = "<group>";
		};
		1146503226C462AF0079AFD8 /* Products */ = {
			isa = PBXGroup;
			children = (
				1146503126C462AF0079AFD8 /* firstAppSwift.app */,
				1146504226C462B50079AFD8 /* firstAppSwiftTests.xctest */,
				1146504D26C462B50079AFD8 /* firstAppSwiftUITests.xctest */,
			);
			name = Products;
			sourceTree = "<group>";
		};
		1146503326C462AF0079AFD8 /* firstAppSwift */ = {
			isa = PBXGroup;
			children = (
				1146503426C462AF0079AFD8 /* firstAppSwiftApp.swift */,
				1154CD2426EF932D008CD212 /* CalculatorOwn.swift */,
				1146503626C462AF0079AFD8 /* ContentView.swift */,
				1146503826C462B50079AFD8 /* Assets.xcassets */,
				1146503D26C462B50079AFD8 /* Info.plist */,
				1146503A26C462B50079AFD8 /* Preview Content */,
			);
			path = firstAppSwift;
			sourceTree = "<group>";
		};
		1146503A26C462B50079AFD8 /* Preview Content */ = {
			isa = PBXGroup;
			children = (
				1146503B26C462B50079AFD8 /* Preview Assets.xcassets */,
			);
			path = "Preview Content";
			sourceTree = "<group>";
		};
		1146504526C462B50079AFD8 /* firstAppSwiftTests */ = {
			isa = PBXGroup;
			children = (
				1146504626C462B50079AFD8 /* firstAppSwiftTests.swift */,
				1146504826C462B50079AFD8 /* Info.plist */,
			);
			path = firstAppSwiftTests;
			sourceTree = "<group>";
		};
		1146505026C462B50079AFD8 /* firstAppSwiftUITests */ = {
			isa = PBXGroup;
			children = (
				1146505126C462B50079AFD8 /* firstAppSwiftUITests.swift */,
				1146505326C462B50079AFD8 /* Info.plist */,
			);
			path = firstAppSwiftUITests;
			sourceTree = "<group>";
		};
/* End PBXGroup section */

/* Begin PBXNativeTarget section */
		1146503026C462AF0079AFD8 /* firstAppSwift */ = {
			isa = PBXNativeTarget;
			buildConfigurationList = 1146505626C462B50079AFD8 /* Build configuration list for PBXNativeTarget "firstAppSwift" */;
			buildPhases = (
				1146502D26C462AF0079AFD8 /* Sources */,
				1146502E26C462AF0079AFD8 /* Frameworks */,
				1146502F26C462AF0079AFD8 /* Resources */,
			);
			buildRules = (
			);
			dependencies = (
			);
			name = firstAppSwift;
			productName = firstAppSwift;
			productReference = 1146503126C462AF0079AFD8 /* firstAppSwift.app */;
			productType = "com.apple.product-type.application";
		};
		1146504126C462B50079AFD8 /* firstAppSwiftTests */ = {
			isa = PBXNativeTarget;
			buildConfigurationList = 1146505926C462B50079AFD8 /* Build configuration list for PBXNativeTarget "firstAppSwiftTests" */;
			buildPhases = (
				1146503E26C462B50079AFD8 /* Sources */,
				1146503F26C462B50079AFD8 /* Frameworks */,
				1146504026C462B50079AFD8 /* Resources */,
			);
			buildRules = (
			);
			dependencies = (
				1146504426C462B50079AFD8 /* PBXTargetDependency */,
			);
			name = firstAppSwiftTests;
			productName = firstAppSwiftTests;
			productReference = 1146504226C462B50079AFD8 /* firstAppSwiftTests.xctest */;
			productType = "com.apple.product-type.bundle.unit-test";
		};
		1146504C26C462B50079AFD8 /* firstAppSwiftUITests */ = {
			isa = PBXNativeTarget;
			buildConfigurationList = 1146505C26C462B50079AFD8 /* Build configuration list for PBXNativeTarget "firstAppSwiftUITests" */;
			buildPhases = (
				1146504926C462B50079AFD8 /* Sources */,
				1146504A26C462B50079AFD8 /* Frameworks */,
				1146504B26C462B50079AFD8 /* Resources */,
			);
			buildRules = (
			);
			dependencies = (
				1146504F26C462B50079AFD8 /* PBXTargetDependency */,
			);
			name = firstAppSwiftUITests;
			productName = firstAppSwiftUITests;
			productReference = 1146504D26C462B50079AFD8 /* firstAppSwiftUITests.xctest */;
			productType = "com.apple.product-type.bundle.ui-testing";
		};
/* End PBXNativeTarget section */

/* Begin PBXProject section */
		1146502926C462AF0079AFD8 /* Project object */ = {
			isa = PBXProject;
			attributes = {
				LastSwiftUpdateCheck = 1250;
				LastUpgradeCheck = 1250;
				TargetAttributes = {
					1146503026C462AF0079AFD8 = {
						CreatedOnToolsVersion = 12.5.1;
					};
					1146504126C462B50079AFD8 = {
						CreatedOnToolsVersion = 12.5.1;
						TestTargetID = 1146503026C462AF0079AFD8;
					};
					1146504C26C462B50079AFD8 = {
						CreatedOnToolsVersion = 12.5.1;
						TestTargetID = 1146503026C462AF0079AFD8;
					};
				};
			};
			buildConfigurationList = 1146502C26C462AF0079AFD8 /* Build configuration list for PBXProject "firstAppSwift" */;
			compatibilityVersion = "Xcode 9.3";
			developmentRegion = en;
			hasScannedForEncodings = 0;
			knownRegions = (
				en,
				Base,
			);
			mainGroup = 1146502826C462AF0079AFD8;
			productRefGroup = 1146503226C462AF0079AFD8 /* Products */;
			projectDirPath = "";
			projectRoot = "";
			targets = (
				1146503026C462AF0079AFD8 /* firstAppSwift */,
				1146504126C462B50079AFD8 /* firstAppSwiftTests */,
				1146504C26C462B50079AFD8 /* firstAppSwiftUITests */,
			);
		};
/* End PBXProject section */

/* Begin PBXResourcesBuildPhase section */
		1146502F26C462AF0079AFD8 /* Resources */ = {
			isa = PBXResourcesBuildPhase;
			buildActionMask = 2147483647;
			files = (
				1146503C26C462B50079AFD8 /* Preview Assets.xcassets in Resources */,
				1146503926C462B50079AFD8 /* Assets.xcassets in Resources */,
			);
			runOnlyForDeploymentPostprocessing = 0;
		};
		1146504026C462B50079AFD8 /* Resources */ = {
			isa = PBXResourcesBuildPhase;
			buildActionMask = 2147483647;
			files = (
			);
			runOnlyForDeploymentPostprocessing = 0;
		};
		1146504B26C462B50079AFD8 /* Resources */ = {
			isa = PBXResourcesBuildPhase;
			buildActionMask = 2147483647;
			files = (
			);
			runOnlyForDeploymentPostprocessing = 0;
		};
/* End PBXResourcesBuildPhase section */

/* Begin PBXSourcesBuildPhase section */
		1146502D26C462AF0079AFD8 /* Sources */ = {
			isa = PBXSourcesBuildPhase;
			buildActionMask = 2147483647;
			files = (
				1154CD2526EF932D008CD212 /* CalculatorOwn.swift in Sources */,
				1146503726C462AF0079AFD8 /* ContentView.swift in Sources */,
				1146503526C462AF0079AFD8 /* firstAppSwiftApp.swift in Sources */,
			);
			runOnlyForDeploymentPostprocessing = 0;
		};
		1146503E26C462B50079AFD8 /* Sources */ = {
			isa = PBXSourcesBuildPhase;
			buildActionMask = 2147483647;
			files = (
				1146504726C462B50079AFD8 /* firstAppSwiftTests.swift in Sources */,
			);
			runOnlyForDeploymentPostprocessing = 0;
		};
		1146504926C462B50079AFD8 /* Sources */ = {
			isa = PBXSourcesBuildPhase;
			buildActionMask = 2147483647;
			files = (
				1146505226C462B50079AFD8 /* firstAppSwiftUITests.swift in Sources */,
			);
			runOnlyForDeploymentPostprocessing = 0;
		};
/* End PBXSourcesBuildPhase section */

/* Begin PBXTargetDependency section */
		1146504426C462B50079AFD8 /* PBXTargetDependency */ = {
			isa = PBXTargetDependency;
			target = 1146503026C462AF0079AFD8 /* firstAppSwift */;
			targetProxy = 1146504326C462B50079AFD8 /* PBXContainerItemProxy */;
		};
		1146504F26C462B50079AFD8 /* PBXTargetDependency */ = {
			isa = PBXTargetDependency;
			target = 1146503026C462AF0079AFD8 /* firstAppSwift */;
			targetProxy = 1146504E26C462B50079AFD8 /* PBXContainerItemProxy */;
		};
/* End PBXTargetDependency section */

/* Begin XCBuildConfiguration section */
		1146505426C462B50079AFD8 /* Debug */ = {
			isa = XCBuildConfiguration;
			buildSettings = {
				ALWAYS_SEARCH_USER_PATHS = NO;
				CLANG_ANALYZER_NONNULL = YES;
				CLANG_ANALYZER_NUMBER_OBJECT_CONVERSION = YES_AGGRESSIVE;
				CLANG_CXX_LANGUAGE_STANDARD = "gnu++14";
				CLANG_CXX_LIBRARY = "libc++";
				CLANG_ENABLE_MODULES = YES;
				CLANG_ENABLE_OBJC_ARC = YES;
				CLANG_ENABLE_OBJC_WEAK = YES;
				CLANG_WARN_BLOCK_CAPTURE_AUTORELEASING = YES;
				CLANG_WARN_BOOL_CONVERSION = YES;
				CLANG_WARN_COMMA = YES;
				CLANG_WARN_CONSTANT_CONVERSION = YES;
				CLANG_WARN_DEPRECATED_OBJC_IMPLEMENTATIONS = YES;
				CLANG_WARN_DIRECT_OBJC_ISA_USAGE = YES_ERROR;
				CLANG_WARN_DOCUMENTATION_COMMENTS = YES;
				CLANG_WARN_EMPTY_BODY = YES;
				CLANG_WARN_ENUM_CONVERSION = YES;
				CLANG_WARN_INFINITE_RECURSION = YES;
				CLANG_WARN_INT_CONVERSION = YES;
				CLANG_WARN_NON_LITERAL_NULL_CONVERSION = YES;
				CLANG_WARN_OBJC_IMPLICIT_RETAIN_SELF = YES;
				CLANG_WARN_OBJC_LITERAL_CONVERSION = YES;
				CLANG_WARN_OBJC_ROOT_CLASS = YES_ERROR;
				CLANG_WARN_QUOTED_INCLUDE_IN_FRAMEWORK_HEADER = YES;
				CLANG_WARN_RANGE_LOOP_ANALYSIS = YES;
				CLANG_WARN_STRICT_PROTOTYPES = YES;
				CLANG_WARN_SUSPICIOUS_MOVE = YES;
				CLANG_WARN_UNGUARDED_AVAILABILITY = YES_AGGRESSIVE;
				CLANG_WARN_UNREACHABLE_CODE = YES;
				CLANG_WARN__DUPLICATE_METHOD_MATCH = YES;
				COPY_PHASE_STRIP = NO;
				DEBUG_INFORMATION_FORMAT = dwarf;
				ENABLE_STRICT_OBJC_MSGSEND = YES;
				ENABLE_TESTABILITY = YES;
				GCC_C_LANGUAGE_STANDARD = gnu11;
				GCC_DYNAMIC_NO_PIC = NO;
				GCC_NO_COMMON_BLOCKS = YES;
				GCC_OPTIMIZATION_LEVEL = 0;
				GCC_PREPROCESSOR_DEFINITIONS = (
					"DEBUG=1",
					"$(inherited)",
				);
				GCC_WARN_64_TO_32_BIT_CONVERSION = YES;
				GCC_WARN_ABOUT_RETURN_TYPE = YES_ERROR;
				GCC_WARN_UNDECLARED_SELECTOR = YES;
				GCC_WARN_UNINITIALIZED_AUTOS = YES_AGGRESSIVE;
				GCC_WARN_UNUSED_FUNCTION = YES;
				GCC_WARN_UNUSED_VARIABLE = YES;
				IPHONEOS_DEPLOYMENT_TARGET = 14.5;
				MTL_ENABLE_DEBUG_INFO = INCLUDE_SOURCE;
				MTL_FAST_MATH = YES;
				ONLY_ACTIVE_ARCH = YES;
				SDKROOT = iphoneos;
				SWIFT_ACTIVE_COMPILATION_CONDITIONS = DEBUG;
				SWIFT_OPTIMIZATION_LEVEL = "-Onone";
			};
			name = Debug;
		};
		1146505526C462B50079AFD8 /* Release */ = {
			isa = XCBuildConfiguration;
			buildSettings = {
				ALWAYS_SEARCH_USER_PATHS = NO;
				CLANG_ANALYZER_NONNULL = YES;
				CLANG_ANALYZER_NUMBER_OBJECT_CONVERSION = YES_AGGRESSIVE;
				CLANG_CXX_LANGUAGE_STANDARD = "gnu++14";
				CLANG_CXX_LIBRARY = "libc++";
				CLANG_ENABLE_MODULES = YES;
				CLANG_ENABLE_OBJC_ARC = YES;
				CLANG_ENABLE_OBJC_WEAK = YES;
				CLANG_WARN_BLOCK_CAPTURE_AUTORELEASING = YES;
				CLANG_WARN_BOOL_CONVERSION = YES;
				CLANG_WARN_COMMA = YES;
				CLANG_WARN_CONSTANT_CONVERSION = YES;
				CLANG_WARN_DEPRECATED_OBJC_IMPLEMENTATIONS = YES;
				CLANG_WARN_DIRECT_OBJC_ISA_USAGE = YES_ERROR;
				CLANG_WARN_DOCUMENTATION_COMMENTS = YES;
				CLANG_WARN_EMPTY_BODY = YES;
				CLANG_WARN_ENUM_CONVERSION = YES;
				CLANG_WARN_INFINITE_RECURSION = YES;
				CLANG_WARN_INT_CONVERSION = YES;
				CLANG_WARN_NON_LITERAL_NULL_CONVERSION = YES;
				CLANG_WARN_OBJC_IMPLICIT_RETAIN_SELF = YES;
				CLANG_WARN_OBJC_LITERAL_CONVERSION = YES;
				CLANG_WARN_OBJC_ROOT_CLASS = YES_ERROR;
				CLANG_WARN_QUOTED_INCLUDE_IN_FRAMEWORK_HEADER = YES;
				CLANG_WARN_RANGE_LOOP_ANALYSIS = YES;
				CLANG_WARN_STRICT_PROTOTYPES = YES;
				CLANG_WARN_SUSPICIOUS_MOVE = YES;
				CLANG_WARN_UNGUARDED_AVAILABILITY = YES_AGGRESSIVE;
				CLANG_WARN_UNREACHABLE_CODE = YES;
				CLANG_WARN__DUPLICATE_METHOD_MATCH = YES;
				COPY_PHASE_STRIP = NO;
				DEBUG_INFORMATION_FORMAT = "dwarf-with-dsym";
				ENABLE_NS_ASSERTIONS = NO;
				ENABLE_STRICT_OBJC_MSGSEND = YES;
				GCC_C_LANGUAGE_STANDARD = gnu11;
				GCC_NO_COMMON_BLOCKS = YES;
				GCC_WARN_64_TO_32_BIT_CONVERSION = YES;
				GCC_WARN_ABOUT_RETURN_TYPE = YES_ERROR;
				GCC_WARN_UNDECLARED_SELECTOR = YES;
				GCC_WARN_UNINITIALIZED_AUTOS = YES_AGGRESSIVE;
				GCC_WARN_UNUSED_FUNCTION = YES;
				GCC_WARN_UNUSED_VARIABLE = YES;
				IPHONEOS_DEPLOYMENT_TARGET = 14.5;
				MTL_ENABLE_DEBUG_INFO = NO;
				MTL_FAST_MATH = YES;
				SDKROOT = iphoneos;
				SWIFT_COMPILATION_MODE = wholemodule;
				SWIFT_OPTIMIZATION_LEVEL = "-O";
				VALIDATE_PRODUCT = YES;
			};
			name = Release;
		};
		1146505726C462B50079AFD8 /* Debug */ = {
			isa = XCBuildConfiguration;
			buildSettings = {
				ASSETCATALOG_COMPILER_APPICON_NAME = AppIcon;
				ASSETCATALOG_COMPILER_GLOBAL_ACCENT_COLOR_NAME = AccentColor;
				CODE_SIGN_STYLE = Automatic;
				DEVELOPMENT_ASSET_PATHS = "\"firstAppSwift/Preview Content\"";
				DEVELOPMENT_TEAM = 83577TBDN3;
				ENABLE_PREVIEWS = YES;
				INFOPLIST_FILE = firstAppSwift/Info.plist;
				IPHONEOS_DEPLOYMENT_TARGET = 14.0;
				LD_RUNPATH_SEARCH_PATHS = (
					"$(inherited)",
					"@executable_path/Frameworks",
				);
				PRODUCT_BUNDLE_IDENTIFIER = co.com.ceiba.firstAppSwift;
				PRODUCT_NAME = "$(TARGET_NAME)";
				SWIFT_VERSION = 5.0;
				TARGETED_DEVICE_FAMILY = "1,2";
			};
			name = Debug;
		};
		1146505826C462B50079AFD8 /* Release */ = {
			isa = XCBuildConfiguration;
			buildSettings = {
				ASSETCATALOG_COMPILER_APPICON_NAME = AppIcon;
				ASSETCATALOG_COMPILER_GLOBAL_ACCENT_COLOR_NAME = AccentColor;
				CODE_SIGN_STYLE = Automatic;
				DEVELOPMENT_ASSET_PATHS = "\"firstAppSwift/Preview Content\"";
				DEVELOPMENT_TEAM = 83577TBDN3;
				ENABLE_PREVIEWS = YES;
				INFOPLIST_FILE = firstAppSwift/Info.plist;
				IPHONEOS_DEPLOYMENT_TARGET = 14.0;
				LD_RUNPATH_SEARCH_PATHS = (
					"$(inherited)",
					"@executable_path/Frameworks",
				);
				PRODUCT_BUNDLE_IDENTIFIER = co.com.ceiba.firstAppSwift;
				PRODUCT_NAME = "$(TARGET_NAME)";
				SWIFT_VERSION = 5.0;
				TARGETED_DEVICE_FAMILY = "1,2";
			};
			name = Release;
		};
		1146505A26C462B50079AFD8 /* Debug */ = {
			isa = XCBuildConfiguration;
			buildSettings = {
				ALWAYS_EMBED_SWIFT_STANDARD_LIBRARIES = YES;
				BUNDLE_LOADER = "$(TEST_HOST)";
				CODE_SIGN_STYLE = Automatic;
				DEVELOPMENT_TEAM = 83577TBDN3;
				INFOPLIST_FILE = firstAppSwiftTests/Info.plist;
				IPHONEOS_DEPLOYMENT_TARGET = 14.0;
				LD_RUNPATH_SEARCH_PATHS = (
					"$(inherited)",
					"@executable_path/Frameworks",
					"@loader_path/Frameworks",
				);
				PRODUCT_BUNDLE_IDENTIFIER = co.com.ceiba.firstAppSwiftTests;
				PRODUCT_NAME = "$(TARGET_NAME)";
				SWIFT_VERSION = 5.0;
				TARGETED_DEVICE_FAMILY = "1,2";
				TEST_HOST = "$(BUILT_PRODUCTS_DIR)/firstAppSwift.app/firstAppSwift";
			};
			name = Debug;
		};
		1146505B26C462B50079AFD8 /* Release */ = {
			isa = XCBuildConfiguration;
			buildSettings = {
				ALWAYS_EMBED_SWIFT_STANDARD_LIBRARIES = YES;
				BUNDLE_LOADER = "$(TEST_HOST)";
				CODE_SIGN_STYLE = Automatic;
				DEVELOPMENT_TEAM = 83577TBDN3;
				INFOPLIST_FILE = firstAppSwiftTests/Info.plist;
				IPHONEOS_DEPLOYMENT_TARGET = 14.0;
				LD_RUNPATH_SEARCH_PATHS = (
					"$(inherited)",
					"@executable_path/Frameworks",
					"@loader_path/Frameworks",
				);
				PRODUCT_BUNDLE_IDENTIFIER = co.com.ceiba.firstAppSwiftTests;
				PRODUCT_NAME = "$(TARGET_NAME)";
				SWIFT_VERSION = 5.0;
				TARGETED_DEVICE_FAMILY = "1,2";
				TEST_HOST = "$(BUILT_PRODUCTS_DIR)/firstAppSwift.app/firstAppSwift";
			};
			name = Release;
		};
		1146505D26C462B50079AFD8 /* Debug */ = {
			isa = XCBuildConfiguration;
			buildSettings = {
				ALWAYS_EMBED_SWIFT_STANDARD_LIBRARIES = YES;
				CODE_SIGN_STYLE = Automatic;
				DEVELOPMENT_TEAM = 83577TBDN3;
				INFOPLIST_FILE = firstAppSwiftUITests/Info.plist;
				LD_RUNPATH_SEARCH_PATHS = (
					"$(inherited)",
					"@executable_path/Frameworks",
					"@loader_path/Frameworks",
				);
				PRODUCT_BUNDLE_IDENTIFIER = co.com.ceiba.firstAppSwiftUITests;
				PRODUCT_NAME = "$(TARGET_NAME)";
				SWIFT_VERSION = 5.0;
				TARGETED_DEVICE_FAMILY = "1,2";
				TEST_TARGET_NAME = firstAppSwift;
			};
			name = Debug;
		};
		1146505E26C462B50079AFD8 /* Release */ = {
			isa = XCBuildConfiguration;
			buildSettings = {
				ALWAYS_EMBED_SWIFT_STANDARD_LIBRARIES = YES;
				CODE_SIGN_STYLE = Automatic;
				DEVELOPMENT_TEAM = 83577TBDN3;
				INFOPLIST_FILE = firstAppSwiftUITests/Info.plist;
				LD_RUNPATH_SEARCH_PATHS = (
					"$(inherited)",
					"@executable_path/Frameworks",
					"@loader_path/Frameworks",
				);
				PRODUCT_BUNDLE_IDENTIFIER = co.com.ceiba.firstAppSwiftUITests;
				PRODUCT_NAME = "$(TARGET_NAME)";
				SWIFT_VERSION = 5.0;
				TARGETED_DEVICE_FAMILY = "1,2";
				TEST_TARGET_NAME = firstAppSwift;
			};
			name = Release;
		};
/* End XCBuildConfiguration section */

/* Begin XCConfigurationList section */
		1146502C26C462AF0079AFD8 /* Build configuration list for PBXProject "firstAppSwift" */ = {
			isa = XCConfigurationList;
			buildConfigurations = (
				1146505426C462B50079AFD8 /* Debug */,
				1146505526C462B50079AFD8 /* Release */,
			);
			defaultConfigurationIsVisible = 0;
			defaultConfigurationName = Release;
		};
		1146505626C462B50079AFD8 /* Build configuration list for PBXNativeTarget "firstAppSwift" */ = {
			isa = XCConfigurationList;
			buildConfigurations = (
				1146505726C462B50079AFD8 /* Debug */,
				1146505826C462B50079AFD8 /* Release */,
			);
			defaultConfigurationIsVisible = 0;
			defaultConfigurationName = Release;
		};
		1146505926C462B50079AFD8 /* Build configuration list for PBXNativeTarget "firstAppSwiftTests" */ = {
			isa = XCConfigurationList;
			buildConfigurations = (
				1146505A26C462B50079AFD8 /* Debug */,
				1146505B26C462B50079AFD8 /* Release */,
			);
			defaultConfigurationIsVisible = 0;
			defaultConfigurationName = Release;
		};
		1146505C26C462B50079AFD8 /* Build configuration list for PBXNativeTarget "firstAppSwiftUITests" */ = {
			isa = XCConfigurationList;
			buildConfigurations = (
				1146505D26C462B50079AFD8 /* Debug */,
				1146505E26C462B50079AFD8 /* Release */,
			);
			defaultConfigurationIsVisible = 0;
			defaultConfigurationName = Release;
		};
/* End XCConfigurationList section */
	};
	rootObject = 1146502926C462AF0079AFD8 /* Project object */;
}
